
Microsoft Visual Studio Solution File, Format Version 12.00
# Visual Studio Version 16
VisualStudioVersion = 16.0.29326.143
MinimumVisualStudioVersion = 10.0.40219.1
Project("{FAE04EC0-301F-11D3-BF4B-00C04F79EFBC}") = "weather-lamp", "weather-lamp.csproj", "{0A5D647D-8F25-4ABB-8BCE-409E7467DC3C}"
EndProject
Global
	GlobalSection(SolutionConfigurationPlatforms) = preSolution
		Debug|Any CPU = Debug|Any CPU
		Release|Any CPU = Release|Any CPU
	EndGlobalSection
	GlobalSection(ProjectConfigurationPlatforms) = postSolution
		{0A5D647D-8F25-4ABB-8BCE-409E7467DC3C}.Debug|Any CPU.ActiveCfg = Debug|Any CPU
		{0A5D647D-8F25-4ABB-8BCE-409E7467DC3C}.Debug|Any CPU.Build.0 = Debug|Any CPU
		{0A5D647D-8F25-4ABB-8BCE-409E7467DC3C}.Release|Any CPU.ActiveCfg = Release|Any CPU
		{0A5D647D-8F25-4ABB-8BCE-409E7467DC3C}.Release|Any CPU.Build.0 = Release|Any CPU
	EndGlobalSection
	GlobalSection(SolutionProperties) = preSolution
		HideSolutionNode = FALSE
	EndGlobalSection
	GlobalSection(ExtensibilityGlobals) = postSolution
		SolutionGuid = {F72BB38C-F3CC-4D8C-B45F-4486AFF7DD71}
	EndGlobalSection
EndGlobal
